// !$*UTF8*$!
{
	archiveVersion = 1;
	classes = {
	};
	objectVersion = 50;
	objects = {

/* Begin PBXBuildFile section */
		AF04A7582410662E006CE434 /* Water.cpp in Sources */ = {isa = PBXBuildFile; fileRef = AF04A7562410662E006CE434 /* Water.cpp */; };
		AF04A75B2410A2AD006CE434 /* WaterFrameBuffer.cpp in Sources */ = {isa = PBXBuildFile; fileRef = AF04A7592410A2AD006CE434 /* WaterFrameBuffer.cpp */; };
		AF0E815123C99B5D0054F4D4 /* OpenGL.framework in Frameworks */ = {isa = PBXBuildFile; fileRef = AF0E815023C99B5D0054F4D4 /* OpenGL.framework */; };
		AF0E815323C99B7B0054F4D4 /* libglfw.3.3.dylib in Frameworks */ = {isa = PBXBuildFile; fileRef = AF0E815223C99B7B0054F4D4 /* libglfw.3.3.dylib */; };
		AF8D3893240B47140099F286 /* Window.cpp in Sources */ = {isa = PBXBuildFile; fileRef = AF8D3885240B47140099F286 /* Window.cpp */; };
		AF8D3894240B47140099F286 /* shader.cpp in Sources */ = {isa = PBXBuildFile; fileRef = AF8D3888240B47140099F286 /* shader.cpp */; };
		AF8D3895240B47140099F286 /* OBJObject.cpp in Sources */ = {isa = PBXBuildFile; fileRef = AF8D3889240B47140099F286 /* OBJObject.cpp */; };
		AF8D3896240B47140099F286 /* main.cpp in Sources */ = {isa = PBXBuildFile; fileRef = AF8D3892240B47140099F286 /* main.cpp */; };
		AF9F0401241626D9003B6166 /* Cube.cpp in Sources */ = {isa = PBXBuildFile; fileRef = AF9F03FF241626D9003B6166 /* Cube.cpp */; };
		AFF5BE68240C757200BCDC92 /* Terrain.cpp in Sources */ = {isa = PBXBuildFile; fileRef = AFF5BE66240C757200BCDC92 /* Terrain.cpp */; };
		AFFA1A0F241EEDAE0091AB0E /* Turtle.cpp in Sources */ = {isa = PBXBuildFile; fileRef = AFFA1A0D241EEDAE0091AB0E /* Turtle.cpp */; };
		AFFA1A1724205AA20091AB0E /* Curve.cpp in Sources */ = {isa = PBXBuildFile; fileRef = AFFA1A1024205AA00091AB0E /* Curve.cpp */; };
		AFFA1A1824205AA20091AB0E /* Geometry.cpp in Sources */ = {isa = PBXBuildFile; fileRef = AFFA1A1324205AA10091AB0E /* Geometry.cpp */; };
		AFFA1A1924205AA20091AB0E /* Transform.cpp in Sources */ = {isa = PBXBuildFile; fileRef = AFFA1A1624205AA20091AB0E /* Transform.cpp */; };
		CDB9EA88240C77EC001BA2CA /* DirectionalLight.cpp in Sources */ = {isa = PBXBuildFile; fileRef = CDB9EA86240C77EC001BA2CA /* DirectionalLight.cpp */; };
		CDB9EA90240D8567001BA2CA /* depthMap.frag in Sources */ = {isa = PBXBuildFile; fileRef = CDB9EA8F240D8567001BA2CA /* depthMap.frag */; };
		CDB9EA92240D8580001BA2CA /* depthMap.vert in Sources */ = {isa = PBXBuildFile; fileRef = CDB9EA91240D8580001BA2CA /* depthMap.vert */; };
		CDB9EA9B24120B24001BA2CA /* Water.cpp in Sources */ = {isa = PBXBuildFile; fileRef = CDB9EA9324120B23001BA2CA /* Water.cpp */; };
		CDB9EA9C24120B24001BA2CA /* WaterFrameBuffer.cpp in Sources */ = {isa = PBXBuildFile; fileRef = CDB9EA9824120B23001BA2CA /* WaterFrameBuffer.cpp */; };
		CDB9EA9F24120B97001BA2CA /* ShadowFrameBuffer.cpp in Sources */ = {isa = PBXBuildFile; fileRef = CDB9EA9D24120B97001BA2CA /* ShadowFrameBuffer.cpp */; };
		CDB9EAA224120DC9001BA2CA /* Shadow.cpp in Sources */ = {isa = PBXBuildFile; fileRef = CDB9EAA024120DC9001BA2CA /* Shadow.cpp */; };
		CDB9EAA52412142F001BA2CA /* shadowMap.frag in Sources */ = {isa = PBXBuildFile; fileRef = CDB9EAA32412142F001BA2CA /* shadowMap.frag */; };
/* End PBXBuildFile section */

/* Begin PBXCopyFilesBuildPhase section */
		AF0E813323C99A2B0054F4D4 /* Copy Files */ = {
			isa = PBXCopyFilesBuildPhase;
			buildActionMask = 8;
			dstPath = shaders;
			dstSubfolderSpec = 16;
			files = (
			);
			name = "Copy Files";
			runOnlyForDeploymentPostprocessing = 1;
		};
/* End PBXCopyFilesBuildPhase section */

/* Begin PBXFileReference section */
		AF04A74C24106404006CE434 /* WaterShader.frag */ = {isa = PBXFileReference; fileEncoding = 4; lastKnownFileType = sourcecode.glsl; path = WaterShader.frag; sourceTree = "<group>"; };
		AF04A74D24106404006CE434 /* shader.vert */ = {isa = PBXFileReference; fileEncoding = 4; lastKnownFileType = sourcecode.glsl; path = shader.vert; sourceTree = "<group>"; };
		AF04A74E24106404006CE434 /* TerrainShader.vert */ = {isa = PBXFileReference; fileEncoding = 4; lastKnownFileType = sourcecode.glsl; path = TerrainShader.vert; sourceTree = "<group>"; };
		AF04A75024106404006CE434 /* LightShader.frag */ = {isa = PBXFileReference; fileEncoding = 4; lastKnownFileType = sourcecode.glsl; path = LightShader.frag; sourceTree = "<group>"; };
		AF04A75124106404006CE434 /* shader.frag */ = {isa = PBXFileReference; fileEncoding = 4; lastKnownFileType = sourcecode.glsl; path = shader.frag; sourceTree = "<group>"; };
		AF04A75224106404006CE434 /* WaterShader.vert */ = {isa = PBXFileReference; fileEncoding = 4; lastKnownFileType = sourcecode.glsl; path = WaterShader.vert; sourceTree = "<group>"; };
		AF04A75324106404006CE434 /* LightShader.vert */ = {isa = PBXFileReference; fileEncoding = 4; lastKnownFileType = sourcecode.glsl; path = LightShader.vert; sourceTree = "<group>"; };
		AF04A75524106404006CE434 /* TerrainShader.frag */ = {isa = PBXFileReference; fileEncoding = 4; lastKnownFileType = sourcecode.glsl; path = TerrainShader.frag; sourceTree = "<group>"; };
		AF04A7562410662E006CE434 /* Water.cpp */ = {isa = PBXFileReference; lastKnownFileType = sourcecode.cpp.cpp; path = Water.cpp; sourceTree = "<group>"; };
		AF04A7572410662E006CE434 /* Water.hpp */ = {isa = PBXFileReference; lastKnownFileType = sourcecode.cpp.h; path = Water.hpp; sourceTree = "<group>"; };
		AF04A7592410A2AD006CE434 /* WaterFrameBuffer.cpp */ = {isa = PBXFileReference; lastKnownFileType = sourcecode.cpp.cpp; path = WaterFrameBuffer.cpp; sourceTree = "<group>"; };
		AF04A75A2410A2AD006CE434 /* WaterFrameBuffer.hpp */ = {isa = PBXFileReference; lastKnownFileType = sourcecode.cpp.h; path = WaterFrameBuffer.hpp; sourceTree = "<group>"; };
		AF0E813523C99A2B0054F4D4 /* PA0 */ = {isa = PBXFileReference; explicitFileType = "compiled.mach-o.executable"; includeInIndex = 0; path = PA0; sourceTree = BUILT_PRODUCTS_DIR; };
		AF0E815023C99B5D0054F4D4 /* OpenGL.framework */ = {isa = PBXFileReference; lastKnownFileType = wrapper.framework; name = OpenGL.framework; path = System/Library/Frameworks/OpenGL.framework; sourceTree = SDKROOT; };
		AF0E815223C99B7B0054F4D4 /* libglfw.3.3.dylib */ = {isa = PBXFileReference; lastKnownFileType = "compiled.mach-o.dylib"; name = libglfw.3.3.dylib; path = ../../../../../../../../usr/local/Cellar/glfw/3.3/lib/libglfw.3.3.dylib; sourceTree = "<group>"; };
		AF8D3883240B47140099F286 /* main.h */ = {isa = PBXFileReference; fileEncoding = 4; lastKnownFileType = sourcecode.c.h; path = main.h; sourceTree = "<group>"; };
		AF8D3884240B47140099F286 /* shader.h */ = {isa = PBXFileReference; fileEncoding = 4; lastKnownFileType = sourcecode.c.h; path = shader.h; sourceTree = "<group>"; };
		AF8D3885240B47140099F286 /* Window.cpp */ = {isa = PBXFileReference; fileEncoding = 4; lastKnownFileType = sourcecode.cpp.cpp; path = Window.cpp; sourceTree = "<group>"; };
		AF8D3886240B47140099F286 /* Window.h */ = {isa = PBXFileReference; fileEncoding = 4; lastKnownFileType = sourcecode.c.h; path = Window.h; sourceTree = "<group>"; };
		AF8D3887240B47140099F286 /* OBJObject.hpp */ = {isa = PBXFileReference; fileEncoding = 4; lastKnownFileType = sourcecode.cpp.h; path = OBJObject.hpp; sourceTree = "<group>"; };
		AF8D3888240B47140099F286 /* shader.cpp */ = {isa = PBXFileReference; fileEncoding = 4; lastKnownFileType = sourcecode.cpp.cpp; path = shader.cpp; sourceTree = "<group>"; };
		AF8D3889240B47140099F286 /* OBJObject.cpp */ = {isa = PBXFileReference; fileEncoding = 4; lastKnownFileType = sourcecode.cpp.cpp; path = OBJObject.cpp; sourceTree = "<group>"; };
		AF8D3891240B47140099F286 /* Object.h */ = {isa = PBXFileReference; fileEncoding = 4; lastKnownFileType = sourcecode.c.h; path = Object.h; sourceTree = "<group>"; };
		AF8D3892240B47140099F286 /* main.cpp */ = {isa = PBXFileReference; fileEncoding = 4; lastKnownFileType = sourcecode.cpp.cpp; path = main.cpp; sourceTree = "<group>"; };
		AF9F03FF241626D9003B6166 /* Cube.cpp */ = {isa = PBXFileReference; fileEncoding = 4; lastKnownFileType = sourcecode.cpp.cpp; path = Cube.cpp; sourceTree = "<group>"; };
		AF9F0400241626D9003B6166 /* Cube.h */ = {isa = PBXFileReference; fileEncoding = 4; lastKnownFileType = sourcecode.c.h; path = Cube.h; sourceTree = "<group>"; };
		AF9F0402241628AC003B6166 /* SkyboxShader.vert */ = {isa = PBXFileReference; fileEncoding = 4; lastKnownFileType = sourcecode.glsl; path = SkyboxShader.vert; sourceTree = "<group>"; };
		AF9F0403241628AC003B6166 /* SkyboxShader.frag */ = {isa = PBXFileReference; fileEncoding = 4; lastKnownFileType = sourcecode.glsl; path = SkyboxShader.frag; sourceTree = "<group>"; };
		AFF5BE66240C757200BCDC92 /* Terrain.cpp */ = {isa = PBXFileReference; lastKnownFileType = sourcecode.cpp.cpp; path = Terrain.cpp; sourceTree = "<group>"; };
		AFF5BE67240C757200BCDC92 /* Terrain.hpp */ = {isa = PBXFileReference; lastKnownFileType = sourcecode.cpp.h; path = Terrain.hpp; sourceTree = "<group>"; };
		AFFA1A0D241EEDAE0091AB0E /* Turtle.cpp */ = {isa = PBXFileReference; lastKnownFileType = sourcecode.cpp.cpp; path = Turtle.cpp; sourceTree = "<group>"; };
		AFFA1A0E241EEDAE0091AB0E /* Turtle.hpp */ = {isa = PBXFileReference; lastKnownFileType = sourcecode.cpp.h; path = Turtle.hpp; sourceTree = "<group>"; };
		AFFA1A1024205AA00091AB0E /* Curve.cpp */ = {isa = PBXFileReference; fileEncoding = 4; lastKnownFileType = sourcecode.cpp.cpp; path = Curve.cpp; sourceTree = "<group>"; };
		AFFA1A1124205AA10091AB0E /* Curve.hpp */ = {isa = PBXFileReference; fileEncoding = 4; lastKnownFileType = sourcecode.cpp.h; path = Curve.hpp; sourceTree = "<group>"; };
		AFFA1A1224205AA10091AB0E /* Geometry.hpp */ = {isa = PBXFileReference; fileEncoding = 4; lastKnownFileType = sourcecode.cpp.h; path = Geometry.hpp; sourceTree = "<group>"; };
		AFFA1A1324205AA10091AB0E /* Geometry.cpp */ = {isa = PBXFileReference; fileEncoding = 4; lastKnownFileType = sourcecode.cpp.cpp; path = Geometry.cpp; sourceTree = "<group>"; };
		AFFA1A1424205AA10091AB0E /* Transform.hpp */ = {isa = PBXFileReference; fileEncoding = 4; lastKnownFileType = sourcecode.cpp.h; path = Transform.hpp; sourceTree = "<group>"; };
		AFFA1A1524205AA10091AB0E /* Node.hpp */ = {isa = PBXFileReference; fileEncoding = 4; lastKnownFileType = sourcecode.cpp.h; path = Node.hpp; sourceTree = "<group>"; };
		AFFA1A1624205AA20091AB0E /* Transform.cpp */ = {isa = PBXFileReference; fileEncoding = 4; lastKnownFileType = sourcecode.cpp.cpp; path = Transform.cpp; sourceTree = "<group>"; };
		CDB9EA85240C7096001BA2CA /* teapot.obj */ = {isa = PBXFileReference; fileEncoding = 4; lastKnownFileType = text; path = teapot.obj; sourceTree = "<group>"; };
		CDB9EA86240C77EC001BA2CA /* DirectionalLight.cpp */ = {isa = PBXFileReference; lastKnownFileType = sourcecode.cpp.cpp; path = DirectionalLight.cpp; sourceTree = "<group>"; };
		CDB9EA87240C77EC001BA2CA /* DirectionalLight.h */ = {isa = PBXFileReference; lastKnownFileType = sourcecode.c.h; path = DirectionalLight.h; sourceTree = "<group>"; };
		CDB9EA8F240D8567001BA2CA /* depthMap.frag */ = {isa = PBXFileReference; lastKnownFileType = sourcecode.glsl; path = depthMap.frag; sourceTree = "<group>"; };
		CDB9EA91240D8580001BA2CA /* depthMap.vert */ = {isa = PBXFileReference; lastKnownFileType = sourcecode.glsl; path = depthMap.vert; sourceTree = "<group>"; };
		CDB9EA9324120B23001BA2CA /* Water.cpp */ = {isa = PBXFileReference; fileEncoding = 4; lastKnownFileType = sourcecode.cpp.cpp; path = Water.cpp; sourceTree = "<group>"; };
		CDB9EA9424120B23001BA2CA /* grass.jpg */ = {isa = PBXFileReference; lastKnownFileType = image.jpeg; path = grass.jpg; sourceTree = "<group>"; };
		CDB9EA9524120B23001BA2CA /* test.jpg */ = {isa = PBXFileReference; lastKnownFileType = image.jpeg; path = test.jpg; sourceTree = "<group>"; };
		CDB9EA9624120B23001BA2CA /* heightmap.png */ = {isa = PBXFileReference; lastKnownFileType = image.png; path = heightmap.png; sourceTree = "<group>"; };
		CDB9EA9724120B23001BA2CA /* sand.jpg */ = {isa = PBXFileReference; lastKnownFileType = image.jpeg; path = sand.jpg; sourceTree = "<group>"; };
		CDB9EA9824120B23001BA2CA /* WaterFrameBuffer.cpp */ = {isa = PBXFileReference; fileEncoding = 4; lastKnownFileType = sourcecode.cpp.cpp; path = WaterFrameBuffer.cpp; sourceTree = "<group>"; };
		CDB9EA9924120B23001BA2CA /* Water.hpp */ = {isa = PBXFileReference; fileEncoding = 4; lastKnownFileType = sourcecode.cpp.h; path = Water.hpp; sourceTree = "<group>"; };
		CDB9EA9A24120B23001BA2CA /* WaterFrameBuffer.hpp */ = {isa = PBXFileReference; fileEncoding = 4; lastKnownFileType = sourcecode.cpp.h; path = WaterFrameBuffer.hpp; sourceTree = "<group>"; };
		CDB9EA9D24120B97001BA2CA /* ShadowFrameBuffer.cpp */ = {isa = PBXFileReference; lastKnownFileType = sourcecode.cpp.cpp; path = ShadowFrameBuffer.cpp; sourceTree = "<group>"; };
		CDB9EA9E24120B97001BA2CA /* ShadowFrameBuffer.hpp */ = {isa = PBXFileReference; lastKnownFileType = sourcecode.cpp.h; path = ShadowFrameBuffer.hpp; sourceTree = "<group>"; };
		CDB9EAA024120DC9001BA2CA /* Shadow.cpp */ = {isa = PBXFileReference; lastKnownFileType = sourcecode.cpp.cpp; path = Shadow.cpp; sourceTree = "<group>"; };
		CDB9EAA124120DC9001BA2CA /* Shadow.hpp */ = {isa = PBXFileReference; lastKnownFileType = sourcecode.cpp.h; path = Shadow.hpp; sourceTree = "<group>"; };
		CDB9EAA32412142F001BA2CA /* shadowMap.frag */ = {isa = PBXFileReference; lastKnownFileType = sourcecode.glsl; path = shadowMap.frag; sourceTree = "<group>"; };
/* End PBXFileReference section */

/* Begin PBXFrameworksBuildPhase section */
		AF0E813223C99A2B0054F4D4 /* Frameworks */ = {
			isa = PBXFrameworksBuildPhase;
			buildActionMask = 2147483647;
			files = (
				AF0E815123C99B5D0054F4D4 /* OpenGL.framework in Frameworks */,
				AF0E815323C99B7B0054F4D4 /* libglfw.3.3.dylib in Frameworks */,
			);
			runOnlyForDeploymentPostprocessing = 0;
		};
/* End PBXFrameworksBuildPhase section */

/* Begin PBXGroup section */
		AF04A74B24106404006CE434 /* shaders */ = {
			isa = PBXGroup;
			children = (
				AF9F0403241628AC003B6166 /* SkyboxShader.frag */,
				AF9F0402241628AC003B6166 /* SkyboxShader.vert */,
				AF04A74C24106404006CE434 /* WaterShader.frag */,
				AF04A74D24106404006CE434 /* shader.vert */,
				AF04A74E24106404006CE434 /* TerrainShader.vert */,
				AF04A75024106404006CE434 /* LightShader.frag */,
				AF04A75124106404006CE434 /* shader.frag */,
				AF04A75224106404006CE434 /* WaterShader.vert */,
				AF04A75324106404006CE434 /* LightShader.vert */,
				AF04A75524106404006CE434 /* TerrainShader.frag */,
			);
			path = shaders;
			sourceTree = "<group>";
		};
		AF0E812C23C99A2A0054F4D4 = {
			isa = PBXGroup;
			children = (
				AF8D3882240B47140099F286 /* PA4 */,
				AF0E813623C99A2B0054F4D4 /* Products */,
				AF0E814F23C99B5D0054F4D4 /* Frameworks */,
				AFFA1A0C241E05DC0091AB0E /* Recovered References */,
			);
			sourceTree = "<group>";
		};
		AF0E813623C99A2B0054F4D4 /* Products */ = {
			isa = PBXGroup;
			children = (
				AF0E813523C99A2B0054F4D4 /* PA0 */,
			);
			name = Products;
			sourceTree = "<group>";
		};
		AF0E814F23C99B5D0054F4D4 /* Frameworks */ = {
			isa = PBXGroup;
			children = (
				AF0E815223C99B7B0054F4D4 /* libglfw.3.3.dylib */,
				AF0E815023C99B5D0054F4D4 /* OpenGL.framework */,
			);
			name = Frameworks;
			sourceTree = "<group>";
		};
		AF8D3882240B47140099F286 /* PA4 */ = {
			isa = PBXGroup;
			children = (
				AFFA1A1024205AA00091AB0E /* Curve.cpp */,
				AFFA1A1124205AA10091AB0E /* Curve.hpp */,
				AFFA1A1324205AA10091AB0E /* Geometry.cpp */,
				AFFA1A1224205AA10091AB0E /* Geometry.hpp */,
				AFFA1A1524205AA10091AB0E /* Node.hpp */,
				AFFA1A1624205AA20091AB0E /* Transform.cpp */,
				AFFA1A1424205AA10091AB0E /* Transform.hpp */,
				AF9F03FF241626D9003B6166 /* Cube.cpp */,
				AF9F0400241626D9003B6166 /* Cube.h */,
				AF04A74B24106404006CE434 /* shaders */,
				CDB9EA9424120B23001BA2CA /* grass.jpg */,
				CDB9EA9624120B23001BA2CA /* heightmap.png */,
				CDB9EA9724120B23001BA2CA /* sand.jpg */,
				CDB9EA9524120B23001BA2CA /* test.jpg */,
				CDB9EA9324120B23001BA2CA /* Water.cpp */,
				CDB9EA9924120B23001BA2CA /* Water.hpp */,
				CDB9EA9824120B23001BA2CA /* WaterFrameBuffer.cpp */,
				CDB9EA9A24120B23001BA2CA /* WaterFrameBuffer.hpp */,
				CDB9EA85240C7096001BA2CA /* teapot.obj */,
				AF8D3884240B47140099F286 /* shader.h */,
				AF8D3885240B47140099F286 /* Window.cpp */,
				AF8D3886240B47140099F286 /* Window.h */,
				AF8D3887240B47140099F286 /* OBJObject.hpp */,
				AF8D3888240B47140099F286 /* shader.cpp */,
				AF8D3889240B47140099F286 /* OBJObject.cpp */,
				AF8D3891240B47140099F286 /* Object.h */,
				AF8D3883240B47140099F286 /* main.h */,
				AF8D3892240B47140099F286 /* main.cpp */,
				AFF5BE66240C757200BCDC92 /* Terrain.cpp */,
				AFF5BE67240C757200BCDC92 /* Terrain.hpp */,
				CDB9EA86240C77EC001BA2CA /* DirectionalLight.cpp */,
				CDB9EA87240C77EC001BA2CA /* DirectionalLight.h */,
				AF04A7562410662E006CE434 /* Water.cpp */,
				AF04A7572410662E006CE434 /* Water.hpp */,
				AF04A7592410A2AD006CE434 /* WaterFrameBuffer.cpp */,
				AF04A75A2410A2AD006CE434 /* WaterFrameBuffer.hpp */,
				CDB9EA9D24120B97001BA2CA /* ShadowFrameBuffer.cpp */,
				CDB9EA9E24120B97001BA2CA /* ShadowFrameBuffer.hpp */,
				CDB9EAA024120DC9001BA2CA /* Shadow.cpp */,
				CDB9EAA124120DC9001BA2CA /* Shadow.hpp */,
				AFFA1A0D241EEDAE0091AB0E /* Turtle.cpp */,
				AFFA1A0E241EEDAE0091AB0E /* Turtle.hpp */,
			);
			path = PA4;
			sourceTree = "<group>";
		};
		AFFA1A0C241E05DC0091AB0E /* Recovered References */ = {
			isa = PBXGroup;
			children = (
				CDB9EA91240D8580001BA2CA /* depthMap.vert */,
				CDB9EA8F240D8567001BA2CA /* depthMap.frag */,
				CDB9EAA32412142F001BA2CA /* shadowMap.frag */,
			);
			name = "Recovered References";
			sourceTree = "<group>";
		};
/* End PBXGroup section */

/* Begin PBXNativeTarget section */
		AF0E813423C99A2B0054F4D4 /* PA0 */ = {
			isa = PBXNativeTarget;
			buildConfigurationList = AF0E813C23C99A2B0054F4D4 /* Build configuration list for PBXNativeTarget "PA0" */;
			buildPhases = (
				AF0E813123C99A2B0054F4D4 /* Sources */,
				AF0E813223C99A2B0054F4D4 /* Frameworks */,
				AF0E813323C99A2B0054F4D4 /* Copy Files */,
			);
			buildRules = (
			);
			dependencies = (
			);
			name = PA0;
			productName = PA0;
			productReference = AF0E813523C99A2B0054F4D4 /* PA0 */;
			productType = "com.apple.product-type.tool";
		};
/* End PBXNativeTarget section */

/* Begin PBXProject section */
		AF0E812D23C99A2A0054F4D4 /* Project object */ = {
			isa = PBXProject;
			attributes = {
				LastUpgradeCheck = 1130;
				TargetAttributes = {
					AF0E813423C99A2B0054F4D4 = {
						CreatedOnToolsVersion = 11.3;
					};
				};
			};
			buildConfigurationList = AF0E813023C99A2A0054F4D4 /* Build configuration list for PBXProject "PA4" */;
			compatibilityVersion = "Xcode 9.3";
			developmentRegion = en;
			hasScannedForEncodings = 0;
			knownRegions = (
				en,
				Base,
			);
			mainGroup = AF0E812C23C99A2A0054F4D4;
			productRefGroup = AF0E813623C99A2B0054F4D4 /* Products */;
			projectDirPath = "";
			projectRoot = "";
			targets = (
				AF0E813423C99A2B0054F4D4 /* PA0 */,
			);
		};
/* End PBXProject section */

/* Begin PBXSourcesBuildPhase section */
		AF0E813123C99A2B0054F4D4 /* Sources */ = {
			isa = PBXSourcesBuildPhase;
			buildActionMask = 2147483647;
			files = (
				AF9F0401241626D9003B6166 /* Cube.cpp in Sources */,
				CDB9EA9B24120B24001BA2CA /* Water.cpp in Sources */,
				AF8D3895240B47140099F286 /* OBJObject.cpp in Sources */,
				CDB9EA9F24120B97001BA2CA /* ShadowFrameBuffer.cpp in Sources */,
				CDB9EA92240D8580001BA2CA /* depthMap.vert in Sources */,
				CDB9EA9C24120B24001BA2CA /* WaterFrameBuffer.cpp in Sources */,
				CDB9EA90240D8567001BA2CA /* depthMap.frag in Sources */,
				AFFA1A1724205AA20091AB0E /* Curve.cpp in Sources */,
				AFF5BE68240C757200BCDC92 /* Terrain.cpp in Sources */,
				AFFA1A0F241EEDAE0091AB0E /* Turtle.cpp in Sources */,
				AFFA1A1924205AA20091AB0E /* Transform.cpp in Sources */,
				AF8D3894240B47140099F286 /* shader.cpp in Sources */,
				AF8D3896240B47140099F286 /* main.cpp in Sources */,
				CDB9EAA224120DC9001BA2CA /* Shadow.cpp in Sources */,
				AF8D3893240B47140099F286 /* Window.cpp in Sources */,
				AFFA1A1824205AA20091AB0E /* Geometry.cpp in Sources */,
				AF04A75B2410A2AD006CE434 /* WaterFrameBuffer.cpp in Sources */,
				CDB9EAA52412142F001BA2CA /* shadowMap.frag in Sources */,
				CDB9EA88240C77EC001BA2CA /* DirectionalLight.cpp in Sources */,
				AF04A7582410662E006CE434 /* Water.cpp in Sources */,
			);
			runOnlyForDeploymentPostprocessing = 0;
		};
/* End PBXSourcesBuildPhase section */

/* Begin XCBuildConfiguration section */
		AF0E813A23C99A2B0054F4D4 /* Debug */ = {
			isa = XCBuildConfiguration;
			buildSettings = {
				ALWAYS_SEARCH_USER_PATHS = NO;
				CLANG_ANALYZER_NONNULL = YES;
				CLANG_ANALYZER_NUMBER_OBJECT_CONVERSION = YES_AGGRESSIVE;
				CLANG_CXX_LANGUAGE_STANDARD = "gnu++14";
				CLANG_CXX_LIBRARY = "libc++";
				CLANG_ENABLE_MODULES = YES;
				CLANG_ENABLE_OBJC_ARC = YES;
				CLANG_ENABLE_OBJC_WEAK = YES;
				CLANG_WARN_BLOCK_CAPTURE_AUTORELEASING = YES;
				CLANG_WARN_BOOL_CONVERSION = YES;
				CLANG_WARN_COMMA = YES;
				CLANG_WARN_CONSTANT_CONVERSION = YES;
				CLANG_WARN_DEPRECATED_OBJC_IMPLEMENTATIONS = YES;
				CLANG_WARN_DIRECT_OBJC_ISA_USAGE = YES_ERROR;
				CLANG_WARN_DOCUMENTATION_COMMENTS = YES;
				CLANG_WARN_EMPTY_BODY = YES;
				CLANG_WARN_ENUM_CONVERSION = YES;
				CLANG_WARN_INFINITE_RECURSION = YES;
				CLANG_WARN_INT_CONVERSION = YES;
				CLANG_WARN_NON_LITERAL_NULL_CONVERSION = YES;
				CLANG_WARN_OBJC_IMPLICIT_RETAIN_SELF = YES;
				CLANG_WARN_OBJC_LITERAL_CONVERSION = YES;
				CLANG_WARN_OBJC_ROOT_CLASS = YES_ERROR;
				CLANG_WARN_RANGE_LOOP_ANALYSIS = YES;
				CLANG_WARN_STRICT_PROTOTYPES = YES;
				CLANG_WARN_SUSPICIOUS_MOVE = YES;
				CLANG_WARN_UNGUARDED_AVAILABILITY = YES_AGGRESSIVE;
				CLANG_WARN_UNREACHABLE_CODE = YES;
				CLANG_WARN__DUPLICATE_METHOD_MATCH = YES;
				COPY_PHASE_STRIP = NO;
				DEBUG_INFORMATION_FORMAT = dwarf;
				ENABLE_STRICT_OBJC_MSGSEND = YES;
				ENABLE_TESTABILITY = YES;
				GCC_C_LANGUAGE_STANDARD = gnu11;
				GCC_DYNAMIC_NO_PIC = NO;
				GCC_NO_COMMON_BLOCKS = YES;
				GCC_OPTIMIZATION_LEVEL = 0;
				GCC_PREPROCESSOR_DEFINITIONS = (
					"DEBUG=1",
					"$(inherited)",
				);
				GCC_WARN_64_TO_32_BIT_CONVERSION = YES;
				GCC_WARN_ABOUT_RETURN_TYPE = YES_ERROR;
				GCC_WARN_UNDECLARED_SELECTOR = YES;
				GCC_WARN_UNINITIALIZED_AUTOS = YES_AGGRESSIVE;
				GCC_WARN_UNUSED_FUNCTION = YES;
				GCC_WARN_UNUSED_VARIABLE = YES;
				MACOSX_DEPLOYMENT_TARGET = 10.15;
				MTL_ENABLE_DEBUG_INFO = INCLUDE_SOURCE;
				MTL_FAST_MATH = YES;
				ONLY_ACTIVE_ARCH = YES;
				SDKROOT = macosx;
			};
			name = Debug;
		};
		AF0E813B23C99A2B0054F4D4 /* Release */ = {
			isa = XCBuildConfiguration;
			buildSettings = {
				ALWAYS_SEARCH_USER_PATHS = NO;
				CLANG_ANALYZER_NONNULL = YES;
				CLANG_ANALYZER_NUMBER_OBJECT_CONVERSION = YES_AGGRESSIVE;
				CLANG_CXX_LANGUAGE_STANDARD = "gnu++14";
				CLANG_CXX_LIBRARY = "libc++";
				CLANG_ENABLE_MODULES = YES;
				CLANG_ENABLE_OBJC_ARC = YES;
				CLANG_ENABLE_OBJC_WEAK = YES;
				CLANG_WARN_BLOCK_CAPTURE_AUTORELEASING = YES;
				CLANG_WARN_BOOL_CONVERSION = YES;
				CLANG_WARN_COMMA = YES;
				CLANG_WARN_CONSTANT_CONVERSION = YES;
				CLANG_WARN_DEPRECATED_OBJC_IMPLEMENTATIONS = YES;
				CLANG_WARN_DIRECT_OBJC_ISA_USAGE = YES_ERROR;
				CLANG_WARN_DOCUMENTATION_COMMENTS = YES;
				CLANG_WARN_EMPTY_BODY = YES;
				CLANG_WARN_ENUM_CONVERSION = YES;
				CLANG_WARN_INFINITE_RECURSION = YES;
				CLANG_WARN_INT_CONVERSION = YES;
				CLANG_WARN_NON_LITERAL_NULL_CONVERSION = YES;
				CLANG_WARN_OBJC_IMPLICIT_RETAIN_SELF = YES;
				CLANG_WARN_OBJC_LITERAL_CONVERSION = YES;
				CLANG_WARN_OBJC_ROOT_CLASS = YES_ERROR;
				CLANG_WARN_RANGE_LOOP_ANALYSIS = YES;
				CLANG_WARN_STRICT_PROTOTYPES = YES;
				CLANG_WARN_SUSPICIOUS_MOVE = YES;
				CLANG_WARN_UNGUARDED_AVAILABILITY = YES_AGGRESSIVE;
				CLANG_WARN_UNREACHABLE_CODE = YES;
				CLANG_WARN__DUPLICATE_METHOD_MATCH = YES;
				COPY_PHASE_STRIP = NO;
				DEBUG_INFORMATION_FORMAT = "dwarf-with-dsym";
				ENABLE_NS_ASSERTIONS = NO;
				ENABLE_STRICT_OBJC_MSGSEND = YES;
				GCC_C_LANGUAGE_STANDARD = gnu11;
				GCC_NO_COMMON_BLOCKS = YES;
				GCC_WARN_64_TO_32_BIT_CONVERSION = YES;
				GCC_WARN_ABOUT_RETURN_TYPE = YES_ERROR;
				GCC_WARN_UNDECLARED_SELECTOR = YES;
				GCC_WARN_UNINITIALIZED_AUTOS = YES_AGGRESSIVE;
				GCC_WARN_UNUSED_FUNCTION = YES;
				GCC_WARN_UNUSED_VARIABLE = YES;
				MACOSX_DEPLOYMENT_TARGET = 10.15;
				MTL_ENABLE_DEBUG_INFO = NO;
				MTL_FAST_MATH = YES;
				SDKROOT = macosx;
			};
			name = Release;
		};
		AF0E813D23C99A2B0054F4D4 /* Debug */ = {
			isa = XCBuildConfiguration;
			buildSettings = {
				CODE_SIGN_STYLE = Automatic;
				DEVELOPMENT_ASSET_PATHS = "";
				FRAMEWORK_SEARCH_PATHS = "";
				GCC_NO_COMMON_BLOCKS = YES;
				HEADER_SEARCH_PATHS = /usr/local/include;
				INCLUDED_RECURSIVE_SEARCH_PATH_SUBDIRECTORIES = "";
				LIBRARY_SEARCH_PATHS = /usr/local/lib;
				MACOSX_DEPLOYMENT_TARGET = 10.13;
				PRODUCT_NAME = "$(TARGET_NAME)";
			};
			name = Debug;
		};
		AF0E813E23C99A2B0054F4D4 /* Release */ = {
			isa = XCBuildConfiguration;
			buildSettings = {
				CODE_SIGN_STYLE = Automatic;
				DEVELOPMENT_ASSET_PATHS = "";
				FRAMEWORK_SEARCH_PATHS = "";
				GCC_NO_COMMON_BLOCKS = YES;
				HEADER_SEARCH_PATHS = /usr/local/include;
				INCLUDED_RECURSIVE_SEARCH_PATH_SUBDIRECTORIES = "";
				LIBRARY_SEARCH_PATHS = /usr/local/lib;
				MACOSX_DEPLOYMENT_TARGET = 10.13;
				PRODUCT_NAME = "$(TARGET_NAME)";
			};
			name = Release;
		};
/* End XCBuildConfiguration section */

/* Begin XCConfigurationList section */
		AF0E813023C99A2A0054F4D4 /* Build configuration list for PBXProject "PA4" */ = {
			isa = XCConfigurationList;
			buildConfigurations = (
				AF0E813A23C99A2B0054F4D4 /* Debug */,
				AF0E813B23C99A2B0054F4D4 /* Release */,
			);
			defaultConfigurationIsVisible = 0;
			defaultConfigurationName = Release;
		};
		AF0E813C23C99A2B0054F4D4 /* Build configuration list for PBXNativeTarget "PA0" */ = {
			isa = XCConfigurationList;
			buildConfigurations = (
				AF0E813D23C99A2B0054F4D4 /* Debug */,
				AF0E813E23C99A2B0054F4D4 /* Release */,
			);
			defaultConfigurationIsVisible = 0;
			defaultConfigurationName = Release;
		};
/* End XCConfigurationList section */
	};
	rootObject = AF0E812D23C99A2A0054F4D4 /* Project object */;
}
